
Microsoft Visual Studio Solution File, Format Version 12.00
# Visual Studio Version 17
VisualStudioVersion = 17.12.35514.174
MinimumVisualStudioVersion = 10.0.40219.1
Project("{FAE04EC0-301F-11D3-BF4B-00C04F79EFBC}") = "SONA", "SONA\SONA.csproj", "{C1F0E48C-237E-4F37-A925-6878B2BC9EB0}"
EndProject
Project("{FAE04EC0-301F-11D3-BF4B-00C04F79EFBC}") = "SONA-Server", "SONA-Server\SONA-Server.csproj", "{87E5237F-ED94-4061-8299-7F2F216A9389}"
EndProject
Global
	GlobalSection(SolutionConfigurationPlatforms) = preSolution
		Debug|Any CPU = Debug|Any CPU
		Release|Any CPU = Release|Any CPU
	EndGlobalSection
	GlobalSection(ProjectConfigurationPlatforms) = postSolution
		{C1F0E48C-237E-4F37-A925-6878B2BC9EB0}.Debug|Any CPU.ActiveCfg = Debug|Any CPU
		{C1F0E48C-237E-4F37-A925-6878B2BC9EB0}.Debug|Any CPU.Build.0 = Debug|Any CPU
		{C1F0E48C-237E-4F37-A925-6878B2BC9EB0}.Release|Any CPU.ActiveCfg = Release|Any CPU
		{C1F0E48C-237E-4F37-A925-6878B2BC9EB0}.Release|Any CPU.Build.0 = Release|Any CPU
		{87E5237F-ED94-4061-8299-7F2F216A9389}.Debug|Any CPU.ActiveCfg = Debug|Any CPU
		{87E5237F-ED94-4061-8299-7F2F216A9389}.Debug|Any CPU.Build.0 = Debug|Any CPU
		{87E5237F-ED94-4061-8299-7F2F216A9389}.Release|Any CPU.ActiveCfg = Release|Any CPU
		{87E5237F-ED94-4061-8299-7F2F216A9389}.Release|Any CPU.Build.0 = Release|Any CPU
	EndGlobalSection
	GlobalSection(SolutionProperties) = preSolution
		HideSolutionNode = FALSE
	EndGlobalSection
	GlobalSection(ExtensibilityGlobals) = postSolution
		SolutionGuid = {B625A619-6500-45CF-8A3E-FB500949CB79}
	EndGlobalSection
EndGlobal
